// !$*UTF8*$!
{
	archiveVersion = 1;
	classes = {
	};
	objectVersion = 56;
	objects = {

/* Begin PBXBuildFile section */
		84B6CA332A30F08C00C2D8DF /* shareFileApp.swift in Sources */ = {isa = PBXBuildFile; fileRef = 84B6CA322A30F08C00C2D8DF /* shareFileApp.swift */; };
		84B6CA352A30F08C00C2D8DF /* ContentView.swift in Sources */ = {isa = PBXBuildFile; fileRef = 84B6CA342A30F08C00C2D8DF /* ContentView.swift */; };
		84B6CA372A30F08E00C2D8DF /* Assets.xcassets in Resources */ = {isa = PBXBuildFile; fileRef = 84B6CA362A30F08E00C2D8DF /* Assets.xcassets */; };
		84B6CA3A2A30F08E00C2D8DF /* Preview Assets.xcassets in Resources */ = {isa = PBXBuildFile; fileRef = 84B6CA392A30F08E00C2D8DF /* Preview Assets.xcassets */; };
		84B6CA452A30F08E00C2D8DF /* shareFileTests.swift in Sources */ = {isa = PBXBuildFile; fileRef = 84B6CA442A30F08E00C2D8DF /* shareFileTests.swift */; };
		84B6CA4F2A30F08F00C2D8DF /* shareFileUITests.swift in Sources */ = {isa = PBXBuildFile; fileRef = 84B6CA4E2A30F08F00C2D8DF /* shareFileUITests.swift */; };
		84B6CA512A30F08F00C2D8DF /* shareFileUITestsLaunchTests.swift in Sources */ = {isa = PBXBuildFile; fileRef = 84B6CA502A30F08F00C2D8DF /* shareFileUITestsLaunchTests.swift */; };
		84B6CA642A30F0C200C2D8DF /* MailExtension.swift in Sources */ = {isa = PBXBuildFile; fileRef = 84B6CA632A30F0C200C2D8DF /* MailExtension.swift */; };
		84B6CA662A30F0C200C2D8DF /* ComposeSessionHandler.swift in Sources */ = {isa = PBXBuildFile; fileRef = 84B6CA652A30F0C200C2D8DF /* ComposeSessionHandler.swift */; };
		84B6CA682A30F0C200C2D8DF /* ComposeSessionViewController.swift in Sources */ = {isa = PBXBuildFile; fileRef = 84B6CA672A30F0C200C2D8DF /* ComposeSessionViewController.swift */; };
		84B6CA6A2A30F0C200C2D8DF /* ComposeSessionViewController.xib in Resources */ = {isa = PBXBuildFile; fileRef = 84B6CA692A30F0C200C2D8DF /* ComposeSessionViewController.xib */; };
		84B6CA6F2A30F0C200C2D8DF /* shareFileExtend.appex in Embed Foundation Extensions */ = {isa = PBXBuildFile; fileRef = 84B6CA612A30F0C200C2D8DF /* shareFileExtend.appex */; settings = {ATTRIBUTES = (RemoveHeadersOnCopy, ); }; };
/* End PBXBuildFile section */

/* Begin PBXContainerItemProxy section */
		84B6CA412A30F08E00C2D8DF /* PBXContainerItemProxy */ = {
			isa = PBXContainerItemProxy;
			containerPortal = 84B6CA272A30F08C00C2D8DF /* Project object */;
			proxyType = 1;
			remoteGlobalIDString = 84B6CA2E2A30F08C00C2D8DF;
			remoteInfo = shareFile;
		};
		84B6CA4B2A30F08F00C2D8DF /* PBXContainerItemProxy */ = {
			isa = PBXContainerItemProxy;
			containerPortal = 84B6CA272A30F08C00C2D8DF /* Project object */;
			proxyType = 1;
			remoteGlobalIDString = 84B6CA2E2A30F08C00C2D8DF;
			remoteInfo = shareFile;
		};
		84B6CA6D2A30F0C200C2D8DF /* PBXContainerItemProxy */ = {
			isa = PBXContainerItemProxy;
			containerPortal = 84B6CA272A30F08C00C2D8DF /* Project object */;
			proxyType = 1;
			remoteGlobalIDString = 84B6CA602A30F0C200C2D8DF;
			remoteInfo = shareFileExtend;
		};
/* End PBXContainerItemProxy section */

/* Begin PBXCopyFilesBuildPhase section */
		84B6CA732A30F0C200C2D8DF /* Embed Foundation Extensions */ = {
			isa = PBXCopyFilesBuildPhase;
			buildActionMask = 2147483647;
			dstPath = "";
			dstSubfolderSpec = 13;
			files = (
				84B6CA6F2A30F0C200C2D8DF /* shareFileExtend.appex in Embed Foundation Extensions */,
			);
			name = "Embed Foundation Extensions";
			runOnlyForDeploymentPostprocessing = 0;
		};
/* End PBXCopyFilesBuildPhase section */

/* Begin PBXFileReference section */
		84B6CA2F2A30F08C00C2D8DF /* shareFile.app */ = {isa = PBXFileReference; explicitFileType = wrapper.application; includeInIndex = 0; path = shareFile.app; sourceTree = BUILT_PRODUCTS_DIR; };
		84B6CA322A30F08C00C2D8DF /* shareFileApp.swift */ = {isa = PBXFileReference; lastKnownFileType = sourcecode.swift; path = shareFileApp.swift; sourceTree = "<group>"; };
		84B6CA342A30F08C00C2D8DF /* ContentView.swift */ = {isa = PBXFileReference; lastKnownFileType = sourcecode.swift; path = ContentView.swift; sourceTree = "<group>"; };
		84B6CA362A30F08E00C2D8DF /* Assets.xcassets */ = {isa = PBXFileReference; lastKnownFileType = folder.assetcatalog; path = Assets.xcassets; sourceTree = "<group>"; };
		84B6CA392A30F08E00C2D8DF /* Preview Assets.xcassets */ = {isa = PBXFileReference; lastKnownFileType = folder.assetcatalog; path = "Preview Assets.xcassets"; sourceTree = "<group>"; };
		84B6CA3B2A30F08E00C2D8DF /* shareFile.entitlements */ = {isa = PBXFileReference; lastKnownFileType = text.plist.entitlements; path = shareFile.entitlements; sourceTree = "<group>"; };
		84B6CA402A30F08E00C2D8DF /* shareFileTests.xctest */ = {isa = PBXFileReference; explicitFileType = wrapper.cfbundle; includeInIndex = 0; path = shareFileTests.xctest; sourceTree = BUILT_PRODUCTS_DIR; };
		84B6CA442A30F08E00C2D8DF /* shareFileTests.swift */ = {isa = PBXFileReference; lastKnownFileType = sourcecode.swift; path = shareFileTests.swift; sourceTree = "<group>"; };
		84B6CA4A2A30F08F00C2D8DF /* shareFileUITests.xctest */ = {isa = PBXFileReference; explicitFileType = wrapper.cfbundle; includeInIndex = 0; path = shareFileUITests.xctest; sourceTree = BUILT_PRODUCTS_DIR; };
		84B6CA4E2A30F08F00C2D8DF /* shareFileUITests.swift */ = {isa = PBXFileReference; lastKnownFileType = sourcecode.swift; path = shareFileUITests.swift; sourceTree = "<group>"; };
		84B6CA502A30F08F00C2D8DF /* shareFileUITestsLaunchTests.swift */ = {isa = PBXFileReference; lastKnownFileType = sourcecode.swift; path = shareFileUITestsLaunchTests.swift; sourceTree = "<group>"; };
		84B6CA612A30F0C200C2D8DF /* shareFileExtend.appex */ = {isa = PBXFileReference; explicitFileType = "wrapper.app-extension"; includeInIndex = 0; path = shareFileExtend.appex; sourceTree = BUILT_PRODUCTS_DIR; };
		84B6CA632A30F0C200C2D8DF /* MailExtension.swift */ = {isa = PBXFileReference; lastKnownFileType = sourcecode.swift; path = MailExtension.swift; sourceTree = "<group>"; };
		84B6CA652A30F0C200C2D8DF /* ComposeSessionHandler.swift */ = {isa = PBXFileReference; lastKnownFileType = sourcecode.swift; path = ComposeSessionHandler.swift; sourceTree = "<group>"; };
		84B6CA672A30F0C200C2D8DF /* ComposeSessionViewController.swift */ = {isa = PBXFileReference; lastKnownFileType = sourcecode.swift; path = ComposeSessionViewController.swift; sourceTree = "<group>"; };
		84B6CA692A30F0C200C2D8DF /* ComposeSessionViewController.xib */ = {isa = PBXFileReference; lastKnownFileType = file.xib; path = ComposeSessionViewController.xib; sourceTree = "<group>"; };
		84B6CA6B2A30F0C200C2D8DF /* Info.plist */ = {isa = PBXFileReference; lastKnownFileType = text.plist.xml; path = Info.plist; sourceTree = "<group>"; };
		84B6CA6C2A30F0C200C2D8DF /* shareFileExtend.entitlements */ = {isa = PBXFileReference; lastKnownFileType = text.plist.entitlements; path = shareFileExtend.entitlements; sourceTree = "<group>"; };
/* End PBXFileReference section */

/* Begin PBXFrameworksBuildPhase section */
		84B6CA2C2A30F08C00C2D8DF /* Frameworks */ = {
			isa = PBXFrameworksBuildPhase;
			buildActionMask = 2147483647;
			files = (
			);
			runOnlyForDeploymentPostprocessing = 0;
		};
		84B6CA3D2A30F08E00C2D8DF /* Frameworks */ = {
			isa = PBXFrameworksBuildPhase;
			buildActionMask = 2147483647;
			files = (
			);
			runOnlyForDeploymentPostprocessing = 0;
		};
		84B6CA472A30F08F00C2D8DF /* Frameworks */ = {
			isa = PBXFrameworksBuildPhase;
			buildActionMask = 2147483647;
			files = (
			);
			runOnlyForDeploymentPostprocessing = 0;
		};
		84B6CA5E2A30F0C200C2D8DF /* Frameworks */ = {
			isa = PBXFrameworksBuildPhase;
			buildActionMask = 2147483647;
			files = (
			);
			runOnlyForDeploymentPostprocessing = 0;
		};
/* End PBXFrameworksBuildPhase section */

/* Begin PBXGroup section */
		84B6CA262A30F08C00C2D8DF = {
			isa = PBXGroup;
			children = (
				84B6CA312A30F08C00C2D8DF /* shareFile */,
				84B6CA432A30F08E00C2D8DF /* shareFileTests */,
				84B6CA4D2A30F08F00C2D8DF /* shareFileUITests */,
				84B6CA622A30F0C200C2D8DF /* shareFileExtend */,
				84B6CA302A30F08C00C2D8DF /* Products */,
			);
			sourceTree = "<group>";
		};
		84B6CA302A30F08C00C2D8DF /* Products */ = {
			isa = PBXGroup;
			children = (
				84B6CA2F2A30F08C00C2D8DF /* shareFile.app */,
				84B6CA402A30F08E00C2D8DF /* shareFileTests.xctest */,
				84B6CA4A2A30F08F00C2D8DF /* shareFileUITests.xctest */,
				84B6CA612A30F0C200C2D8DF /* shareFileExtend.appex */,
			);
			name = Products;
			sourceTree = "<group>";
		};
		84B6CA312A30F08C00C2D8DF /* shareFile */ = {
			isa = PBXGroup;
			children = (
				84B6CA322A30F08C00C2D8DF /* shareFileApp.swift */,
				84B6CA342A30F08C00C2D8DF /* ContentView.swift */,
				84B6CA362A30F08E00C2D8DF /* Assets.xcassets */,
				84B6CA3B2A30F08E00C2D8DF /* shareFile.entitlements */,
				84B6CA382A30F08E00C2D8DF /* Preview Content */,
			);
			path = shareFile;
			sourceTree = "<group>";
		};
		84B6CA382A30F08E00C2D8DF /* Preview Content */ = {
			isa = PBXGroup;
			children = (
				84B6CA392A30F08E00C2D8DF /* Preview Assets.xcassets */,
			);
			path = "Preview Content";
			sourceTree = "<group>";
		};
		84B6CA432A30F08E00C2D8DF /* shareFileTests */ = {
			isa = PBXGroup;
			children = (
				84B6CA442A30F08E00C2D8DF /* shareFileTests.swift */,
			);
			path = shareFileTests;
			sourceTree = "<group>";
		};
		84B6CA4D2A30F08F00C2D8DF /* shareFileUITests */ = {
			isa = PBXGroup;
			children = (
				84B6CA4E2A30F08F00C2D8DF /* shareFileUITests.swift */,
				84B6CA502A30F08F00C2D8DF /* shareFileUITestsLaunchTests.swift */,
			);
			path = shareFileUITests;
			sourceTree = "<group>";
		};
		84B6CA622A30F0C200C2D8DF /* shareFileExtend */ = {
			isa = PBXGroup;
			children = (
				84B6CA632A30F0C200C2D8DF /* MailExtension.swift */,
				84B6CA652A30F0C200C2D8DF /* ComposeSessionHandler.swift */,
				84B6CA672A30F0C200C2D8DF /* ComposeSessionViewController.swift */,
				84B6CA692A30F0C200C2D8DF /* ComposeSessionViewController.xib */,
				84B6CA6B2A30F0C200C2D8DF /* Info.plist */,
				84B6CA6C2A30F0C200C2D8DF /* shareFileExtend.entitlements */,
			);
			path = shareFileExtend;
			sourceTree = "<group>";
		};
/* End PBXGroup section */

/* Begin PBXNativeTarget section */
		84B6CA2E2A30F08C00C2D8DF /* shareFile */ = {
			isa = PBXNativeTarget;
			buildConfigurationList = 84B6CA542A30F08F00C2D8DF /* Build configuration list for PBXNativeTarget "shareFile" */;
			buildPhases = (
				84B6CA2B2A30F08C00C2D8DF /* Sources */,
				84B6CA2C2A30F08C00C2D8DF /* Frameworks */,
				84B6CA2D2A30F08C00C2D8DF /* Resources */,
				84B6CA732A30F0C200C2D8DF /* Embed Foundation Extensions */,
			);
			buildRules = (
			);
			dependencies = (
				84B6CA6E2A30F0C200C2D8DF /* PBXTargetDependency */,
			);
			name = shareFile;
			productName = shareFile;
			productReference = 84B6CA2F2A30F08C00C2D8DF /* shareFile.app */;
			productType = "com.apple.product-type.application";
		};
		84B6CA3F2A30F08E00C2D8DF /* shareFileTests */ = {
			isa = PBXNativeTarget;
			buildConfigurationList = 84B6CA572A30F08F00C2D8DF /* Build configuration list for PBXNativeTarget "shareFileTests" */;
			buildPhases = (
				84B6CA3C2A30F08E00C2D8DF /* Sources */,
				84B6CA3D2A30F08E00C2D8DF /* Frameworks */,
				84B6CA3E2A30F08E00C2D8DF /* Resources */,
			);
			buildRules = (
			);
			dependencies = (
				84B6CA422A30F08E00C2D8DF /* PBXTargetDependency */,
			);
			name = shareFileTests;
			productName = shareFileTests;
			productReference = 84B6CA402A30F08E00C2D8DF /* shareFileTests.xctest */;
			productType = "com.apple.product-type.bundle.unit-test";
		};
		84B6CA492A30F08F00C2D8DF /* shareFileUITests */ = {
			isa = PBXNativeTarget;
			buildConfigurationList = 84B6CA5A2A30F08F00C2D8DF /* Build configuration list for PBXNativeTarget "shareFileUITests" */;
			buildPhases = (
				84B6CA462A30F08F00C2D8DF /* Sources */,
				84B6CA472A30F08F00C2D8DF /* Frameworks */,
				84B6CA482A30F08F00C2D8DF /* Resources */,
			);
			buildRules = (
			);
			dependencies = (
				84B6CA4C2A30F08F00C2D8DF /* PBXTargetDependency */,
			);
			name = shareFileUITests;
			productName = shareFileUITests;
			productReference = 84B6CA4A2A30F08F00C2D8DF /* shareFileUITests.xctest */;
			productType = "com.apple.product-type.bundle.ui-testing";
		};
		84B6CA602A30F0C200C2D8DF /* shareFileExtend */ = {
			isa = PBXNativeTarget;
			buildConfigurationList = 84B6CA702A30F0C200C2D8DF /* Build configuration list for PBXNativeTarget "shareFileExtend" */;
			buildPhases = (
				84B6CA5D2A30F0C200C2D8DF /* Sources */,
				84B6CA5E2A30F0C200C2D8DF /* Frameworks */,
				84B6CA5F2A30F0C200C2D8DF /* Resources */,
			);
			buildRules = (
			);
			dependencies = (
			);
			name = shareFileExtend;
			productName = shareFileExtend;
			productReference = 84B6CA612A30F0C200C2D8DF /* shareFileExtend.appex */;
			productType = "com.apple.product-type.app-extension";
		};
/* End PBXNativeTarget section */

/* Begin PBXProject section */
		84B6CA272A30F08C00C2D8DF /* Project object */ = {
			isa = PBXProject;
			attributes = {
				BuildIndependentTargetsInParallel = 1;
				LastSwiftUpdateCheck = 1430;
				LastUpgradeCheck = 1430;
				TargetAttributes = {
					84B6CA2E2A30F08C00C2D8DF = {
						CreatedOnToolsVersion = 14.3.1;
					};
					84B6CA3F2A30F08E00C2D8DF = {
						CreatedOnToolsVersion = 14.3.1;
						TestTargetID = 84B6CA2E2A30F08C00C2D8DF;
					};
					84B6CA492A30F08F00C2D8DF = {
						CreatedOnToolsVersion = 14.3.1;
						TestTargetID = 84B6CA2E2A30F08C00C2D8DF;
					};
					84B6CA602A30F0C200C2D8DF = {
						CreatedOnToolsVersion = 14.3.1;
					};
				};
			};
			buildConfigurationList = 84B6CA2A2A30F08C00C2D8DF /* Build configuration list for PBXProject "shareFile" */;
			compatibilityVersion = "Xcode 14.0";
			developmentRegion = en;
			hasScannedForEncodings = 0;
			knownRegions = (
				en,
				Base,
			);
			mainGroup = 84B6CA262A30F08C00C2D8DF;
			productRefGroup = 84B6CA302A30F08C00C2D8DF /* Products */;
			projectDirPath = "";
			projectRoot = "";
			targets = (
				84B6CA2E2A30F08C00C2D8DF /* shareFile */,
				84B6CA3F2A30F08E00C2D8DF /* shareFileTests */,
				84B6CA492A30F08F00C2D8DF /* shareFileUITests */,
				84B6CA602A30F0C200C2D8DF /* shareFileExtend */,
			);
		};
/* End PBXProject section */

/* Begin PBXResourcesBuildPhase section */
		84B6CA2D2A30F08C00C2D8DF /* Resources */ = {
			isa = PBXResourcesBuildPhase;
			buildActionMask = 2147483647;
			files = (
				84B6CA3A2A30F08E00C2D8DF /* Preview Assets.xcassets in Resources */,
				84B6CA372A30F08E00C2D8DF /* Assets.xcassets in Resources */,
			);
			runOnlyForDeploymentPostprocessing = 0;
		};
		84B6CA3E2A30F08E00C2D8DF /* Resources */ = {
			isa = PBXResourcesBuildPhase;
			buildActionMask = 2147483647;
			files = (
			);
			runOnlyForDeploymentPostprocessing = 0;
		};
		84B6CA482A30F08F00C2D8DF /* Resources */ = {
			isa = PBXResourcesBuildPhase;
			buildActionMask = 2147483647;
			files = (
			);
			runOnlyForDeploymentPostprocessing = 0;
		};
		84B6CA5F2A30F0C200C2D8DF /* Resources */ = {
			isa = PBXResourcesBuildPhase;
			buildActionMask = 2147483647;
			files = (
				84B6CA6A2A30F0C200C2D8DF /* ComposeSessionViewController.xib in Resources */,
			);
			runOnlyForDeploymentPostprocessing = 0;
		};
/* End PBXResourcesBuildPhase section */

/* Begin PBXSourcesBuildPhase section */
		84B6CA2B2A30F08C00C2D8DF /* Sources */ = {
			isa = PBXSourcesBuildPhase;
			buildActionMask = 2147483647;
			files = (
				84B6CA352A30F08C00C2D8DF /* ContentView.swift in Sources */,
				84B6CA332A30F08C00C2D8DF /* shareFileApp.swift in Sources */,
			);
			runOnlyForDeploymentPostprocessing = 0;
		};
		84B6CA3C2A30F08E00C2D8DF /* Sources */ = {
			isa = PBXSourcesBuildPhase;
			buildActionMask = 2147483647;
			files = (
				84B6CA452A30F08E00C2D8DF /* shareFileTests.swift in Sources */,
			);
			runOnlyForDeploymentPostprocessing = 0;
		};
		84B6CA462A30F08F00C2D8DF /* Sources */ = {
			isa = PBXSourcesBuildPhase;
			buildActionMask = 2147483647;
			files = (
				84B6CA512A30F08F00C2D8DF /* shareFileUITestsLaunchTests.swift in Sources */,
				84B6CA4F2A30F08F00C2D8DF /* shareFileUITests.swift in Sources */,
			);
			runOnlyForDeploymentPostprocessing = 0;
		};
		84B6CA5D2A30F0C200C2D8DF /* Sources */ = {
			isa = PBXSourcesBuildPhase;
			buildActionMask = 2147483647;
			files = (
				84B6CA662A30F0C200C2D8DF /* ComposeSessionHandler.swift in Sources */,
				84B6CA682A30F0C200C2D8DF /* ComposeSessionViewController.swift in Sources */,
				84B6CA642A30F0C200C2D8DF /* MailExtension.swift in Sources */,
			);
			runOnlyForDeploymentPostprocessing = 0;
		};
/* End PBXSourcesBuildPhase section */

/* Begin PBXTargetDependency section */
		84B6CA422A30F08E00C2D8DF /* PBXTargetDependency */ = {
			isa = PBXTargetDependency;
			target = 84B6CA2E2A30F08C00C2D8DF /* shareFile */;
			targetProxy = 84B6CA412A30F08E00C2D8DF /* PBXContainerItemProxy */;
		};
		84B6CA4C2A30F08F00C2D8DF /* PBXTargetDependency */ = {
			isa = PBXTargetDependency;
			target = 84B6CA2E2A30F08C00C2D8DF /* shareFile */;
			targetProxy = 84B6CA4B2A30F08F00C2D8DF /* PBXContainerItemProxy */;
		};
		84B6CA6E2A30F0C200C2D8DF /* PBXTargetDependency */ = {
			isa = PBXTargetDependency;
			target = 84B6CA602A30F0C200C2D8DF /* shareFileExtend */;
			targetProxy = 84B6CA6D2A30F0C200C2D8DF /* PBXContainerItemProxy */;
		};
/* End PBXTargetDependency section */

/* Begin XCBuildConfiguration section */
		84B6CA522A30F08F00C2D8DF /* Debug */ = {
			isa = XCBuildConfiguration;
			buildSettings = {
				ALWAYS_SEARCH_USER_PATHS = NO;
				CLANG_ANALYZER_NONNULL = YES;
				CLANG_ANALYZER_NUMBER_OBJECT_CONVERSION = YES_AGGRESSIVE;
				CLANG_CXX_LANGUAGE_STANDARD = "gnu++20";
				CLANG_ENABLE_MODULES = YES;
				CLANG_ENABLE_OBJC_ARC = YES;
				CLANG_ENABLE_OBJC_WEAK = YES;
				CLANG_WARN_BLOCK_CAPTURE_AUTORELEASING = YES;
				CLANG_WARN_BOOL_CONVERSION = YES;
				CLANG_WARN_COMMA = YES;
				CLANG_WARN_CONSTANT_CONVERSION = YES;
				CLANG_WARN_DEPRECATED_OBJC_IMPLEMENTATIONS = YES;
				CLANG_WARN_DIRECT_OBJC_ISA_USAGE = YES_ERROR;
				CLANG_WARN_DOCUMENTATION_COMMENTS = YES;
				CLANG_WARN_EMPTY_BODY = YES;
				CLANG_WARN_ENUM_CONVERSION = YES;
				CLANG_WARN_INFINITE_RECURSION = YES;
				CLANG_WARN_INT_CONVERSION = YES;
				CLANG_WARN_NON_LITERAL_NULL_CONVERSION = YES;
				CLANG_WARN_OBJC_IMPLICIT_RETAIN_SELF = YES;
				CLANG_WARN_OBJC_LITERAL_CONVERSION = YES;
				CLANG_WARN_OBJC_ROOT_CLASS = YES_ERROR;
				CLANG_WARN_QUOTED_INCLUDE_IN_FRAMEWORK_HEADER = YES;
				CLANG_WARN_RANGE_LOOP_ANALYSIS = YES;
				CLANG_WARN_STRICT_PROTOTYPES = YES;
				CLANG_WARN_SUSPICIOUS_MOVE = YES;
				CLANG_WARN_UNGUARDED_AVAILABILITY = YES_AGGRESSIVE;
				CLANG_WARN_UNREACHABLE_CODE = YES;
				CLANG_WARN__DUPLICATE_METHOD_MATCH = YES;
				COPY_PHASE_STRIP = NO;
				DEBUG_INFORMATION_FORMAT = dwarf;
				ENABLE_STRICT_OBJC_MSGSEND = YES;
				ENABLE_TESTABILITY = YES;
				GCC_C_LANGUAGE_STANDARD = gnu11;
				GCC_DYNAMIC_NO_PIC = NO;
				GCC_NO_COMMON_BLOCKS = YES;
				GCC_OPTIMIZATION_LEVEL = 0;
				GCC_PREPROCESSOR_DEFINITIONS = (
					"DEBUG=1",
					"$(inherited)",
				);
				GCC_WARN_64_TO_32_BIT_CONVERSION = YES;
				GCC_WARN_ABOUT_RETURN_TYPE = YES_ERROR;
				GCC_WARN_UNDECLARED_SELECTOR = YES;
				GCC_WARN_UNINITIALIZED_AUTOS = YES_AGGRESSIVE;
				GCC_WARN_UNUSED_FUNCTION = YES;
				GCC_WARN_UNUSED_VARIABLE = YES;
				MACOSX_DEPLOYMENT_TARGET = 13.3;
				MTL_ENABLE_DEBUG_INFO = INCLUDE_SOURCE;
				MTL_FAST_MATH = YES;
				ONLY_ACTIVE_ARCH = YES;
				SDKROOT = macosx;
				SWIFT_ACTIVE_COMPILATION_CONDITIONS = DEBUG;
				SWIFT_OPTIMIZATION_LEVEL = "-Onone";
			};
			name = Debug;
		};
		84B6CA532A30F08F00C2D8DF /* Release */ = {
			isa = XCBuildConfiguration;
			buildSettings = {
				ALWAYS_SEARCH_USER_PATHS = NO;
				CLANG_ANALYZER_NONNULL = YES;
				CLANG_ANALYZER_NUMBER_OBJECT_CONVERSION = YES_AGGRESSIVE;
				CLANG_CXX_LANGUAGE_STANDARD = "gnu++20";
				CLANG_ENABLE_MODULES = YES;
				CLANG_ENABLE_OBJC_ARC = YES;
				CLANG_ENABLE_OBJC_WEAK = YES;
				CLANG_WARN_BLOCK_CAPTURE_AUTORELEASING = YES;
				CLANG_WARN_BOOL_CONVERSION = YES;
				CLANG_WARN_COMMA = YES;
				CLANG_WARN_CONSTANT_CONVERSION = YES;
				CLANG_WARN_DEPRECATED_OBJC_IMPLEMENTATIONS = YES;
				CLANG_WARN_DIRECT_OBJC_ISA_USAGE = YES_ERROR;
				CLANG_WARN_DOCUMENTATION_COMMENTS = YES;
				CLANG_WARN_EMPTY_BODY = YES;
				CLANG_WARN_ENUM_CONVERSION = YES;
				CLANG_WARN_INFINITE_RECURSION = YES;
				CLANG_WARN_INT_CONVERSION = YES;
				CLANG_WARN_NON_LITERAL_NULL_CONVERSION = YES;
				CLANG_WARN_OBJC_IMPLICIT_RETAIN_SELF = YES;
				CLANG_WARN_OBJC_LITERAL_CONVERSION = YES;
				CLANG_WARN_OBJC_ROOT_CLASS = YES_ERROR;
				CLANG_WARN_QUOTED_INCLUDE_IN_FRAMEWORK_HEADER = YES;
				CLANG_WARN_RANGE_LOOP_ANALYSIS = YES;
				CLANG_WARN_STRICT_PROTOTYPES = YES;
				CLANG_WARN_SUSPICIOUS_MOVE = YES;
				CLANG_WARN_UNGUARDED_AVAILABILITY = YES_AGGRESSIVE;
				CLANG_WARN_UNREACHABLE_CODE = YES;
				CLANG_WARN__DUPLICATE_METHOD_MATCH = YES;
				COPY_PHASE_STRIP = NO;
				DEBUG_INFORMATION_FORMAT = "dwarf-with-dsym";
				ENABLE_NS_ASSERTIONS = NO;
				ENABLE_STRICT_OBJC_MSGSEND = YES;
				GCC_C_LANGUAGE_STANDARD = gnu11;
				GCC_NO_COMMON_BLOCKS = YES;
				GCC_WARN_64_TO_32_BIT_CONVERSION = YES;
				GCC_WARN_ABOUT_RETURN_TYPE = YES_ERROR;
				GCC_WARN_UNDECLARED_SELECTOR = YES;
				GCC_WARN_UNINITIALIZED_AUTOS = YES_AGGRESSIVE;
				GCC_WARN_UNUSED_FUNCTION = YES;
				GCC_WARN_UNUSED_VARIABLE = YES;
				MACOSX_DEPLOYMENT_TARGET = 13.3;
				MTL_ENABLE_DEBUG_INFO = NO;
				MTL_FAST_MATH = YES;
				SDKROOT = macosx;
				SWIFT_COMPILATION_MODE = wholemodule;
				SWIFT_OPTIMIZATION_LEVEL = "-O";
			};
			name = Release;
		};
		84B6CA552A30F08F00C2D8DF /* Debug */ = {
			isa = XCBuildConfiguration;
			buildSettings = {
				ALWAYS_EMBED_SWIFT_STANDARD_LIBRARIES = YES;
				ASSETCATALOG_COMPILER_APPICON_NAME = AppIcon;
				ASSETCATALOG_COMPILER_GLOBAL_ACCENT_COLOR_NAME = AccentColor;
				CODE_SIGN_ENTITLEMENTS = shareFile/shareFile.entitlements;
				CODE_SIGN_STYLE = Automatic;
				COMBINE_HIDPI_IMAGES = YES;
				CURRENT_PROJECT_VERSION = 1;
				DEVELOPMENT_ASSET_PATHS = "\"shareFile/Preview Content\"";
				ENABLE_PREVIEWS = YES;
				GENERATE_INFOPLIST_FILE = YES;
				INFOPLIST_KEY_NSHumanReadableCopyright = "";
				LD_RUNPATH_SEARCH_PATHS = (
					"$(inherited)",
					"@executable_path/../Frameworks",
				);
				MARKETING_VERSION = 1.0;
				PRODUCT_BUNDLE_IDENTIFIER = allegiance.shareFile;
				PRODUCT_NAME = "$(TARGET_NAME)";
				SWIFT_EMIT_LOC_STRINGS = YES;
				SWIFT_VERSION = 5.0;
			};
			name = Debug;
		};
		84B6CA562A30F08F00C2D8DF /* Release */ = {
			isa = XCBuildConfiguration;
			buildSettings = {
				ALWAYS_EMBED_SWIFT_STANDARD_LIBRARIES = YES;
				ASSETCATALOG_COMPILER_APPICON_NAME = AppIcon;
				ASSETCATALOG_COMPILER_GLOBAL_ACCENT_COLOR_NAME = AccentColor;
				CODE_SIGN_ENTITLEMENTS = shareFile/shareFile.entitlements;
				CODE_SIGN_STYLE = Automatic;
				COMBINE_HIDPI_IMAGES = YES;
				CURRENT_PROJECT_VERSION = 1;
				DEVELOPMENT_ASSET_PATHS = "\"shareFile/Preview Content\"";
				ENABLE_PREVIEWS = YES;
				GENERATE_INFOPLIST_FILE = YES;
				INFOPLIST_KEY_NSHumanReadableCopyright = "";
				LD_RUNPATH_SEARCH_PATHS = (
					"$(inherited)",
					"@executable_path/../Frameworks",
				);
				MARKETING_VERSION = 1.0;
				PRODUCT_BUNDLE_IDENTIFIER = allegiance.shareFile;
				PRODUCT_NAME = "$(TARGET_NAME)";
				SWIFT_EMIT_LOC_STRINGS = YES;
				SWIFT_VERSION = 5.0;
			};
			name = Release;
		};
		84B6CA582A30F08F00C2D8DF /* Debug */ = {
			isa = XCBuildConfiguration;
			buildSettings = {
				ALWAYS_EMBED_SWIFT_STANDARD_LIBRARIES = YES;
				BUNDLE_LOADER = "$(TEST_HOST)";
				CODE_SIGN_STYLE = Automatic;
				CURRENT_PROJECT_VERSION = 1;
				GENERATE_INFOPLIST_FILE = YES;
				MACOSX_DEPLOYMENT_TARGET = 13.3;
				MARKETING_VERSION = 1.0;
				PRODUCT_BUNDLE_IDENTIFIER = allegiance.shareFileTests;
				PRODUCT_NAME = "$(TARGET_NAME)";
				SWIFT_EMIT_LOC_STRINGS = NO;
				SWIFT_VERSION = 5.0;
				TEST_HOST = "$(BUILT_PRODUCTS_DIR)/shareFile.app/$(BUNDLE_EXECUTABLE_FOLDER_PATH)/shareFile";
			};
			name = Debug;
		};
		84B6CA592A30F08F00C2D8DF /* Release */ = {
			isa = XCBuildConfiguration;
			buildSettings = {
				ALWAYS_EMBED_SWIFT_STANDARD_LIBRARIES = YES;
				BUNDLE_LOADER = "$(TEST_HOST)";
				CODE_SIGN_STYLE = Automatic;
				CURRENT_PROJECT_VERSION = 1;
				GENERATE_INFOPLIST_FILE = YES;
				MACOSX_DEPLOYMENT_TARGET = 13.3;
				MARKETING_VERSION = 1.0;
				PRODUCT_BUNDLE_IDENTIFIER = allegiance.shareFileTests;
				PRODUCT_NAME = "$(TARGET_NAME)";
				SWIFT_EMIT_LOC_STRINGS = NO;
				SWIFT_VERSION = 5.0;
				TEST_HOST = "$(BUILT_PRODUCTS_DIR)/shareFile.app/$(BUNDLE_EXECUTABLE_FOLDER_PATH)/shareFile";
			};
			name = Release;
		};
		84B6CA5B2A30F08F00C2D8DF /* Debug */ = {
			isa = XCBuildConfiguration;
			buildSettings = {
				ALWAYS_EMBED_SWIFT_STANDARD_LIBRARIES = YES;
				CODE_SIGN_STYLE = Automatic;
				CURRENT_PROJECT_VERSION = 1;
				GENERATE_INFOPLIST_FILE = YES;
				MARKETING_VERSION = 1.0;
				PRODUCT_BUNDLE_IDENTIFIER = allegiance.shareFileUITests;
				PRODUCT_NAME = "$(TARGET_NAME)";
				SWIFT_EMIT_LOC_STRINGS = NO;
				SWIFT_VERSION = 5.0;
				TEST_TARGET_NAME = shareFile;
			};
			name = Debug;
		};
		84B6CA5C2A30F08F00C2D8DF /* Release */ = {
			isa = XCBuildConfiguration;
			buildSettings = {
				ALWAYS_EMBED_SWIFT_STANDARD_LIBRARIES = YES;
				CODE_SIGN_STYLE = Automatic;
				CURRENT_PROJECT_VERSION = 1;
				GENERATE_INFOPLIST_FILE = YES;
				MARKETING_VERSION = 1.0;
				PRODUCT_BUNDLE_IDENTIFIER = allegiance.shareFileUITests;
				PRODUCT_NAME = "$(TARGET_NAME)";
				SWIFT_EMIT_LOC_STRINGS = NO;
				SWIFT_VERSION = 5.0;
				TEST_TARGET_NAME = shareFile;
			};
			name = Release;
		};
		84B6CA712A30F0C200C2D8DF /* Debug */ = {
			isa = XCBuildConfiguration;
			buildSettings = {
				CODE_SIGN_ENTITLEMENTS = shareFileExtend/shareFileExtend.entitlements;
				CODE_SIGN_STYLE = Automatic;
				COMBINE_HIDPI_IMAGES = YES;
				CURRENT_PROJECT_VERSION = 1;
				GENERATE_INFOPLIST_FILE = YES;
				INFOPLIST_FILE = shareFileExtend/Info.plist;
				INFOPLIST_KEY_CFBundleDisplayName = shareFileExtend;
				INFOPLIST_KEY_NSHumanReadableCopyright = "";
				LD_RUNPATH_SEARCH_PATHS = (
					"$(inherited)",
					"@executable_path/../Frameworks",
					"@executable_path/../../../../Frameworks",
				);
				MACOSX_DEPLOYMENT_TARGET = 12.0;
				MARKETING_VERSION = 1.0;
				PRODUCT_BUNDLE_IDENTIFIER = allegiance.shareFile.shareFileExtend;
				PRODUCT_NAME = "$(TARGET_NAME)";
				SKIP_INSTALL = YES;
				SWIFT_EMIT_LOC_STRINGS = YES;
				SWIFT_VERSION = 5.0;
			};
			name = Debug;
		};
		84B6CA722A30F0C200C2D8DF /* Release */ = {
			isa = XCBuildConfiguration;
			buildSettings = {
				CODE_SIGN_ENTITLEMENTS = shareFileExtend/shareFileExtend.entitlements;
				CODE_SIGN_STYLE = Automatic;
				COMBINE_HIDPI_IMAGES = YES;
				CURRENT_PROJECT_VERSION = 1;
				GENERATE_INFOPLIST_FILE = YES;
				INFOPLIST_FILE = shareFileExtend/Info.plist;
				INFOPLIST_KEY_CFBundleDisplayName = shareFileExtend;
				INFOPLIST_KEY_NSHumanReadableCopyright = "";
				LD_RUNPATH_SEARCH_PATHS = (
					"$(inherited)",
					"@executable_path/../Frameworks",
					"@executable_path/../../../../Frameworks",
				);
				MACOSX_DEPLOYMENT_TARGET = 12.0;
				MARKETING_VERSION = 1.0;
				PRODUCT_BUNDLE_IDENTIFIER = allegiance.shareFile.shareFileExtend;
				PRODUCT_NAME = "$(TARGET_NAME)";
				SKIP_INSTALL = YES;
				SWIFT_EMIT_LOC_STRINGS = YES;
				SWIFT_VERSION = 5.0;
			};
			name = Release;
		};
/* End XCBuildConfiguration section */

/* Begin XCConfigurationList section */
		84B6CA2A2A30F08C00C2D8DF /* Build configuration list for PBXProject "shareFile" */ = {
			isa = XCConfigurationList;
			buildConfigurations = (
				84B6CA522A30F08F00C2D8DF /* Debug */,
				84B6CA532A30F08F00C2D8DF /* Release */,
			);
			defaultConfigurationIsVisible = 0;
			defaultConfigurationName = Release;
		};
		84B6CA542A30F08F00C2D8DF /* Build configuration list for PBXNativeTarget "shareFile" */ = {
			isa = XCConfigurationList;
			buildConfigurations = (
				84B6CA552A30F08F00C2D8DF /* Debug */,
				84B6CA562A30F08F00C2D8DF /* Release */,
			);
			defaultConfigurationIsVisible = 0;
			defaultConfigurationName = Release;
		};
		84B6CA572A30F08F00C2D8DF /* Build configuration list for PBXNativeTarget "shareFileTests" */ = {
			isa = XCConfigurationList;
			buildConfigurations = (
				84B6CA582A30F08F00C2D8DF /* Debug */,
				84B6CA592A30F08F00C2D8DF /* Release */,
			);
			defaultConfigurationIsVisible = 0;
			defaultConfigurationName = Release;
		};
		84B6CA5A2A30F08F00C2D8DF /* Build configuration list for PBXNativeTarget "shareFileUITests" */ = {
			isa = XCConfigurationList;
			buildConfigurations = (
				84B6CA5B2A30F08F00C2D8DF /* Debug */,
				84B6CA5C2A30F08F00C2D8DF /* Release */,
			);
			defaultConfigurationIsVisible = 0;
			defaultConfigurationName = Release;
		};
		84B6CA702A30F0C200C2D8DF /* Build configuration list for PBXNativeTarget "shareFileExtend" */ = {
			isa = XCConfigurationList;
			buildConfigurations = (
				84B6CA712A30F0C200C2D8DF /* Debug */,
				84B6CA722A30F0C200C2D8DF /* Release */,
			);
			defaultConfigurationIsVisible = 0;
			defaultConfigurationName = Release;
		};
/* End XCConfigurationList section */
	};
	rootObject = 84B6CA272A30F08C00C2D8DF /* Project object */;
}
